
Microsoft Visual Studio Solution File, Format Version 12.00
# Visual Studio Version 17
VisualStudioVersion = 17.3.32929.385
MinimumVisualStudioVersion = 10.0.40219.1
Project("{FAE04EC0-301F-11D3-BF4B-00C04F79EFBC}") = "VirtualPetSimulator", "VirtualPetSimulator\VirtualPetSimulator.csproj", "{89A1375B-E071-4021-B356-E5EFBAB648EA}"
EndProject
Global
	GlobalSection(SolutionConfigurationPlatforms) = preSolution
		Debug|Any CPU = Debug|Any CPU
		Release|Any CPU = Release|Any CPU
	EndGlobalSection
	GlobalSection(ProjectConfigurationPlatforms) = postSolution
		{89A1375B-E071-4021-B356-E5EFBAB648EA}.Debug|Any CPU.ActiveCfg = Debug|Any CPU
		{89A1375B-E071-4021-B356-E5EFBAB648EA}.Debug|Any CPU.Build.0 = Debug|Any CPU
		{89A1375B-E071-4021-B356-E5EFBAB648EA}.Release|Any CPU.ActiveCfg = Release|Any CPU
		{89A1375B-E071-4021-B356-E5EFBAB648EA}.Release|Any CPU.Build.0 = Release|Any CPU
	EndGlobalSection
	GlobalSection(SolutionProperties) = preSolution
		HideSolutionNode = FALSE
	EndGlobalSection
	GlobalSection(ExtensibilityGlobals) = postSolution
		SolutionGuid = {684855B7-C99C-4F7A-8FAE-39604059BB8D}
	EndGlobalSection
EndGlobal
