
Microsoft Visual Studio Solution File, Format Version 12.00
Project("{FAE04EC0-301F-11D3-BF4B-00C04F79EFBC}") = "ListsDemo", "ListsDemo\ListsDemo.csproj", "{7A2DCD53-6913-4B00-8F9E-D64D48B5CD04}"
EndProject
Global
	GlobalSection(SolutionConfigurationPlatforms) = preSolution
		Debug|Any CPU = Debug|Any CPU
		Release|Any CPU = Release|Any CPU
	EndGlobalSection
	GlobalSection(ProjectConfigurationPlatforms) = postSolution
		{7A2DCD53-6913-4B00-8F9E-D64D48B5CD04}.Debug|Any CPU.ActiveCfg = Debug|Any CPU
		{7A2DCD53-6913-4B00-8F9E-D64D48B5CD04}.Debug|Any CPU.Build.0 = Debug|Any CPU
		{7A2DCD53-6913-4B00-8F9E-D64D48B5CD04}.Release|Any CPU.ActiveCfg = Release|Any CPU
		{7A2DCD53-6913-4B00-8F9E-D64D48B5CD04}.Release|Any CPU.Build.0 = Release|Any CPU
	EndGlobalSection
EndGlobal
